Microsoft Visual Studio Solution File, Format Version 12.00
# Visual Studio Version 17
VisualStudioVersion = 17.5.2.0
MinimumVisualStudioVersion = 10.0.40219.1
Project("{FAE04EC0-301F-11D3-BF4B-00C04F79EFBC}") = "ApiEscala", "ApiEscala.csproj", "{F69CBB3B-7D09-A9D4-7E5B-717CB8448C85}"
EndProject
Global
	GlobalSection(SolutionConfigurationPlatforms) = preSolution
		Debug|Any CPU = Debug|Any CPU
		Release|Any CPU = Release|Any CPU
	EndGlobalSection
	GlobalSection(ProjectConfigurationPlatforms) = postSolution
		{F69CBB3B-7D09-A9D4-7E5B-717CB8448C85}.Debug|Any CPU.ActiveCfg = Debug|Any CPU
		{F69CBB3B-7D09-A9D4-7E5B-717CB8448C85}.Debug|Any CPU.Build.0 = Debug|Any CPU
		{F69CBB3B-7D09-A9D4-7E5B-717CB8448C85}.Release|Any CPU.ActiveCfg = Release|Any CPU
		{F69CBB3B-7D09-A9D4-7E5B-717CB8448C85}.Release|Any CPU.Build.0 = Release|Any CPU
	EndGlobalSection
	GlobalSection(SolutionProperties) = preSolution
		HideSolutionNode = FALSE
	EndGlobalSection
	GlobalSection(ExtensibilityGlobals) = postSolution
		SolutionGuid = {2FC44F91-38B3-4016-8A33-D9FF4E0CDBC8}
	EndGlobalSection
EndGlobal
